// !$*UTF8*$!
{
	archiveVersion = 1;
	classes = {
	};
	objectVersion = 55;
	objects = {

/* Begin PBXBuildFile section */
		831C508A27ADCC1800886506 /* PhotosCell.swift in Sources */ = {isa = PBXBuildFile; fileRef = 831C508927ADCC1700886506 /* PhotosCell.swift */; };
		832A659327AA4CBB00EFFD03 /* NetworkService.swift in Sources */ = {isa = PBXBuildFile; fileRef = 832A659227AA4CBB00EFFD03 /* NetworkService.swift */; };
		836D480527A889F600434CF2 /* AppDelegate.swift in Sources */ = {isa = PBXBuildFile; fileRef = 836D480427A889F600434CF2 /* AppDelegate.swift */; };
		836D480727A889F600434CF2 /* SceneDelegate.swift in Sources */ = {isa = PBXBuildFile; fileRef = 836D480627A889F600434CF2 /* SceneDelegate.swift */; };
		836D480927A889F600434CF2 /* ViewController.swift in Sources */ = {isa = PBXBuildFile; fileRef = 836D480827A889F600434CF2 /* ViewController.swift */; };
		836D480C27A889F600434CF2 /* Main.storyboard in Resources */ = {isa = PBXBuildFile; fileRef = 836D480A27A889F600434CF2 /* Main.storyboard */; };
		836D480E27A889FA00434CF2 /* Assets.xcassets in Resources */ = {isa = PBXBuildFile; fileRef = 836D480D27A889FA00434CF2 /* Assets.xcassets */; };
		836D481127A889FA00434CF2 /* LaunchScreen.storyboard in Resources */ = {isa = PBXBuildFile; fileRef = 836D480F27A889FA00434CF2 /* LaunchScreen.storyboard */; };
		836D481927A88A3500434CF2 /* MainTabBarController.swift in Sources */ = {isa = PBXBuildFile; fileRef = 836D481827A88A3500434CF2 /* MainTabBarController.swift */; };
		836D481B27A8901900434CF2 /* PhotosLibraryViewController.swift in Sources */ = {isa = PBXBuildFile; fileRef = 836D481A27A8901900434CF2 /* PhotosLibraryViewController.swift */; };
		83CF2A0627AB1FFE007BE3F9 /* NetworkDataFetcher.swift in Sources */ = {isa = PBXBuildFile; fileRef = 83CF2A0527AB1FFE007BE3F9 /* NetworkDataFetcher.swift */; };
		83CF2A0827AB2070007BE3F9 /* SearchResults.swift in Sources */ = {isa = PBXBuildFile; fileRef = 83CF2A0727AB2070007BE3F9 /* SearchResults.swift */; };
		C314FEB5A8AF38F708B2F2F2 /* Pods_PhotoLibrary.framework in Frameworks */ = {isa = PBXBuildFile; fileRef = 78363BF3E33E4F6521962B27 /* Pods_PhotoLibrary.framework */; };
/* End PBXBuildFile section */

/* Begin PBXFileReference section */
		78363BF3E33E4F6521962B27 /* Pods_PhotoLibrary.framework */ = {isa = PBXFileReference; explicitFileType = wrapper.framework; includeInIndex = 0; path = Pods_PhotoLibrary.framework; sourceTree = BUILT_PRODUCTS_DIR; };
		831C508927ADCC1700886506 /* PhotosCell.swift */ = {isa = PBXFileReference; lastKnownFileType = sourcecode.swift; path = PhotosCell.swift; sourceTree = "<group>"; };
		832A659227AA4CBB00EFFD03 /* NetworkService.swift */ = {isa = PBXFileReference; lastKnownFileType = sourcecode.swift; path = NetworkService.swift; sourceTree = "<group>"; };
		836D480127A889F600434CF2 /* PhotoLibrary.app */ = {isa = PBXFileReference; explicitFileType = wrapper.application; includeInIndex = 0; path = PhotoLibrary.app; sourceTree = BUILT_PRODUCTS_DIR; };
		836D480427A889F600434CF2 /* AppDelegate.swift */ = {isa = PBXFileReference; lastKnownFileType = sourcecode.swift; path = AppDelegate.swift; sourceTree = "<group>"; };
		836D480627A889F600434CF2 /* SceneDelegate.swift */ = {isa = PBXFileReference; lastKnownFileType = sourcecode.swift; path = SceneDelegate.swift; sourceTree = "<group>"; };
		836D480827A889F600434CF2 /* ViewController.swift */ = {isa = PBXFileReference; lastKnownFileType = sourcecode.swift; path = ViewController.swift; sourceTree = "<group>"; };
		836D480B27A889F600434CF2 /* Base */ = {isa = PBXFileReference; lastKnownFileType = file.storyboard; name = Base; path = Base.lproj/Main.storyboard; sourceTree = "<group>"; };
		836D480D27A889FA00434CF2 /* Assets.xcassets */ = {isa = PBXFileReference; lastKnownFileType = folder.assetcatalog; path = Assets.xcassets; sourceTree = "<group>"; };
		836D481027A889FA00434CF2 /* Base */ = {isa = PBXFileReference; lastKnownFileType = file.storyboard; name = Base; path = Base.lproj/LaunchScreen.storyboard; sourceTree = "<group>"; };
		836D481227A889FA00434CF2 /* Info.plist */ = {isa = PBXFileReference; lastKnownFileType = text.plist.xml; path = Info.plist; sourceTree = "<group>"; };
		836D481827A88A3500434CF2 /* MainTabBarController.swift */ = {isa = PBXFileReference; lastKnownFileType = sourcecode.swift; path = MainTabBarController.swift; sourceTree = "<group>"; };
		836D481A27A8901900434CF2 /* PhotosLibraryViewController.swift */ = {isa = PBXFileReference; lastKnownFileType = sourcecode.swift; path = PhotosLibraryViewController.swift; sourceTree = "<group>"; };
		83CF2A0527AB1FFE007BE3F9 /* NetworkDataFetcher.swift */ = {isa = PBXFileReference; lastKnownFileType = sourcecode.swift; path = NetworkDataFetcher.swift; sourceTree = "<group>"; };
		83CF2A0727AB2070007BE3F9 /* SearchResults.swift */ = {isa = PBXFileReference; lastKnownFileType = sourcecode.swift; path = SearchResults.swift; sourceTree = "<group>"; };
		CF5C7ECA66E55209C9BC9B77 /* Pods-PhotoLibrary.debug.xcconfig */ = {isa = PBXFileReference; includeInIndex = 1; lastKnownFileType = text.xcconfig; name = "Pods-PhotoLibrary.debug.xcconfig"; path = "Target Support Files/Pods-PhotoLibrary/Pods-PhotoLibrary.debug.xcconfig"; sourceTree = "<group>"; };
		DB05C53334163A5EB38A2EB3 /* Pods-PhotoLibrary.release.xcconfig */ = {isa = PBXFileReference; includeInIndex = 1; lastKnownFileType = text.xcconfig; name = "Pods-PhotoLibrary.release.xcconfig"; path = "Target Support Files/Pods-PhotoLibrary/Pods-PhotoLibrary.release.xcconfig"; sourceTree = "<group>"; };
/* End PBXFileReference section */

/* Begin PBXFrameworksBuildPhase section */
		836D47FE27A889F600434CF2 /* Frameworks */ = {
			isa = PBXFrameworksBuildPhase;
			buildActionMask = 2147483647;
			files = (
				C314FEB5A8AF38F708B2F2F2 /* Pods_PhotoLibrary.framework in Frameworks */,
			);
			runOnlyForDeploymentPostprocessing = 0;
		};
/* End PBXFrameworksBuildPhase section */

/* Begin PBXGroup section */
		12AB55E81C811771153A00DC /* Pods */ = {
			isa = PBXGroup;
			children = (
				CF5C7ECA66E55209C9BC9B77 /* Pods-PhotoLibrary.debug.xcconfig */,
				DB05C53334163A5EB38A2EB3 /* Pods-PhotoLibrary.release.xcconfig */,
			);
			path = Pods;
			sourceTree = "<group>";
		};
		836D47F827A889F600434CF2 = {
			isa = PBXGroup;
			children = (
				836D480327A889F600434CF2 /* PhotoLibrary */,
				836D480227A889F600434CF2 /* Products */,
				12AB55E81C811771153A00DC /* Pods */,
				8A49E9E73505FB458097C704 /* Frameworks */,
			);
			sourceTree = "<group>";
		};
		836D480227A889F600434CF2 /* Products */ = {
			isa = PBXGroup;
			children = (
				836D480127A889F600434CF2 /* PhotoLibrary.app */,
			);
			name = Products;
			sourceTree = "<group>";
		};
		836D480327A889F600434CF2 /* PhotoLibrary */ = {
			isa = PBXGroup;
			children = (
				836D480427A889F600434CF2 /* AppDelegate.swift */,
				836D480627A889F600434CF2 /* SceneDelegate.swift */,
				83CF2A0427AB1B36007BE3F9 /* Services */,
				83CF2A0927AB2074007BE3F9 /* Models */,
				836D480827A889F600434CF2 /* ViewController.swift */,
				836D481827A88A3500434CF2 /* MainTabBarController.swift */,
				836D481A27A8901900434CF2 /* PhotosLibraryViewController.swift */,
				831C508927ADCC1700886506 /* PhotosCell.swift */,
				836D480A27A889F600434CF2 /* Main.storyboard */,
				836D480D27A889FA00434CF2 /* Assets.xcassets */,
				836D480F27A889FA00434CF2 /* LaunchScreen.storyboard */,
				836D481227A889FA00434CF2 /* Info.plist */,
			);
			path = PhotoLibrary;
			sourceTree = "<group>";
		};
		83CF2A0427AB1B36007BE3F9 /* Services */ = {
			isa = PBXGroup;
			children = (
				832A659227AA4CBB00EFFD03 /* NetworkService.swift */,
				83CF2A0527AB1FFE007BE3F9 /* NetworkDataFetcher.swift */,
			);
			path = Services;
			sourceTree = "<group>";
		};
		83CF2A0927AB2074007BE3F9 /* Models */ = {
			isa = PBXGroup;
			children = (
				83CF2A0727AB2070007BE3F9 /* SearchResults.swift */,
			);
			path = Models;
			sourceTree = "<group>";
		};
		8A49E9E73505FB458097C704 /* Frameworks */ = {
			isa = PBXGroup;
			children = (
				78363BF3E33E4F6521962B27 /* Pods_PhotoLibrary.framework */,
			);
			name = Frameworks;
			sourceTree = "<group>";
		};
/* End PBXGroup section */

/* Begin PBXNativeTarget section */
		836D480027A889F600434CF2 /* PhotoLibrary */ = {
			isa = PBXNativeTarget;
			buildConfigurationList = 836D481527A889FA00434CF2 /* Build configuration list for PBXNativeTarget "PhotoLibrary" */;
			buildPhases = (
				8E273F6E240F84C741EC90BF /* [CP] Check Pods Manifest.lock */,
				836D47FD27A889F600434CF2 /* Sources */,
				836D47FE27A889F600434CF2 /* Frameworks */,
				836D47FF27A889F600434CF2 /* Resources */,
				F1DD3A8884531A74CD8E8BA6 /* [CP] Embed Pods Frameworks */,
			);
			buildRules = (
			);
			dependencies = (
			);
			name = PhotoLibrary;
			productName = PhotoLibrary;
			productReference = 836D480127A889F600434CF2 /* PhotoLibrary.app */;
			productType = "com.apple.product-type.application";
		};
/* End PBXNativeTarget section */

/* Begin PBXProject section */
		836D47F927A889F600434CF2 /* Project object */ = {
			isa = PBXProject;
			attributes = {
				BuildIndependentTargetsInParallel = 1;
				LastSwiftUpdateCheck = 1320;
				LastUpgradeCheck = 1320;
				TargetAttributes = {
					836D480027A889F600434CF2 = {
						CreatedOnToolsVersion = 13.2.1;
					};
				};
			};
			buildConfigurationList = 836D47FC27A889F600434CF2 /* Build configuration list for PBXProject "PhotoLibrary" */;
			compatibilityVersion = "Xcode 13.0";
			developmentRegion = en;
			hasScannedForEncodings = 0;
			knownRegions = (
				en,
				Base,
			);
			mainGroup = 836D47F827A889F600434CF2;
			productRefGroup = 836D480227A889F600434CF2 /* Products */;
			projectDirPath = "";
			projectRoot = "";
			targets = (
				836D480027A889F600434CF2 /* PhotoLibrary */,
			);
		};
/* End PBXProject section */

/* Begin PBXResourcesBuildPhase section */
		836D47FF27A889F600434CF2 /* Resources */ = {
			isa = PBXResourcesBuildPhase;
			buildActionMask = 2147483647;
			files = (
				836D481127A889FA00434CF2 /* LaunchScreen.storyboard in Resources */,
				836D480E27A889FA00434CF2 /* Assets.xcassets in Resources */,
				836D480C27A889F600434CF2 /* Main.storyboard in Resources */,
			);
			runOnlyForDeploymentPostprocessing = 0;
		};
/* End PBXResourcesBuildPhase section */

/* Begin PBXShellScriptBuildPhase section */
		8E273F6E240F84C741EC90BF /* [CP] Check Pods Manifest.lock */ = {
			isa = PBXShellScriptBuildPhase;
			buildActionMask = 2147483647;
			files = (
			);
			inputFileListPaths = (
			);
			inputPaths = (
				"${PODS_PODFILE_DIR_PATH}/Podfile.lock",
				"${PODS_ROOT}/Manifest.lock",
			);
			name = "[CP] Check Pods Manifest.lock";
			outputFileListPaths = (
			);
			outputPaths = (
				"$(DERIVED_FILE_DIR)/Pods-PhotoLibrary-checkManifestLockResult.txt",
			);
			runOnlyForDeploymentPostprocessing = 0;
			shellPath = /bin/sh;
			shellScript = "diff \"${PODS_PODFILE_DIR_PATH}/Podfile.lock\" \"${PODS_ROOT}/Manifest.lock\" > /dev/null\nif [ $? != 0 ] ; then\n    # print error to STDERR\n    echo \"error: The sandbox is not in sync with the Podfile.lock. Run 'pod install' or update your CocoaPods installation.\" >&2\n    exit 1\nfi\n# This output is used by Xcode 'outputs' to avoid re-running this script phase.\necho \"SUCCESS\" > \"${SCRIPT_OUTPUT_FILE_0}\"\n";
			showEnvVarsInLog = 0;
		};
		F1DD3A8884531A74CD8E8BA6 /* [CP] Embed Pods Frameworks */ = {
			isa = PBXShellScriptBuildPhase;
			buildActionMask = 2147483647;
			files = (
			);
			inputFileListPaths = (
				"${PODS_ROOT}/Target Support Files/Pods-PhotoLibrary/Pods-PhotoLibrary-frameworks-${CONFIGURATION}-input-files.xcfilelist",
			);
			name = "[CP] Embed Pods Frameworks";
			outputFileListPaths = (
				"${PODS_ROOT}/Target Support Files/Pods-PhotoLibrary/Pods-PhotoLibrary-frameworks-${CONFIGURATION}-output-files.xcfilelist",
			);
			runOnlyForDeploymentPostprocessing = 0;
			shellPath = /bin/sh;
			shellScript = "\"${PODS_ROOT}/Target Support Files/Pods-PhotoLibrary/Pods-PhotoLibrary-frameworks.sh\"\n";
			showEnvVarsInLog = 0;
		};
/* End PBXShellScriptBuildPhase section */

/* Begin PBXSourcesBuildPhase section */
		836D47FD27A889F600434CF2 /* Sources */ = {
			isa = PBXSourcesBuildPhase;
			buildActionMask = 2147483647;
			files = (
				83CF2A0627AB1FFE007BE3F9 /* NetworkDataFetcher.swift in Sources */,
				836D480927A889F600434CF2 /* ViewController.swift in Sources */,
				836D480527A889F600434CF2 /* AppDelegate.swift in Sources */,
				836D481B27A8901900434CF2 /* PhotosLibraryViewController.swift in Sources */,
				836D481927A88A3500434CF2 /* MainTabBarController.swift in Sources */,
				832A659327AA4CBB00EFFD03 /* NetworkService.swift in Sources */,
				83CF2A0827AB2070007BE3F9 /* SearchResults.swift in Sources */,
				836D480727A889F600434CF2 /* SceneDelegate.swift in Sources */,
				831C508A27ADCC1800886506 /* PhotosCell.swift in Sources */,
			);
			runOnlyForDeploymentPostprocessing = 0;
		};
/* End PBXSourcesBuildPhase section */

/* Begin PBXVariantGroup section */
		836D480A27A889F600434CF2 /* Main.storyboard */ = {
			isa = PBXVariantGroup;
			children = (
				836D480B27A889F600434CF2 /* Base */,
			);
			name = Main.storyboard;
			sourceTree = "<group>";
		};
		836D480F27A889FA00434CF2 /* LaunchScreen.storyboard */ = {
			isa = PBXVariantGroup;
			children = (
				836D481027A889FA00434CF2 /* Base */,
			);
			name = LaunchScreen.storyboard;
			sourceTree = "<group>";
		};
/* End PBXVariantGroup section */

/* Begin XCBuildConfiguration section */
		836D481327A889FA00434CF2 /* Debug */ = {
			isa = XCBuildConfiguration;
			buildSettings = {
				ALWAYS_SEARCH_USER_PATHS = NO;
				CLANG_ANALYZER_NONNULL = YES;
				CLANG_ANALYZER_NUMBER_OBJECT_CONVERSION = YES_AGGRESSIVE;
				CLANG_CXX_LANGUAGE_STANDARD = "gnu++17";
				CLANG_CXX_LIBRARY = "libc++";
				CLANG_ENABLE_MODULES = YES;
				CLANG_ENABLE_OBJC_ARC = YES;
				CLANG_ENABLE_OBJC_WEAK = YES;
				CLANG_WARN_BLOCK_CAPTURE_AUTORELEASING = YES;
				CLANG_WARN_BOOL_CONVERSION = YES;
				CLANG_WARN_COMMA = YES;
				CLANG_WARN_CONSTANT_CONVERSION = YES;
				CLANG_WARN_DEPRECATED_OBJC_IMPLEMENTATIONS = YES;
				CLANG_WARN_DIRECT_OBJC_ISA_USAGE = YES_ERROR;
				CLANG_WARN_DOCUMENTATION_COMMENTS = YES;
				CLANG_WARN_EMPTY_BODY = YES;
				CLANG_WARN_ENUM_CONVERSION = YES;
				CLANG_WARN_INFINITE_RECURSION = YES;
				CLANG_WARN_INT_CONVERSION = YES;
				CLANG_WARN_NON_LITERAL_NULL_CONVERSION = YES;
				CLANG_WARN_OBJC_IMPLICIT_RETAIN_SELF = YES;
				CLANG_WARN_OBJC_LITERAL_CONVERSION = YES;
				CLANG_WARN_OBJC_ROOT_CLASS = YES_ERROR;
				CLANG_WARN_QUOTED_INCLUDE_IN_FRAMEWORK_HEADER = YES;
				CLANG_WARN_RANGE_LOOP_ANALYSIS = YES;
				CLANG_WARN_STRICT_PROTOTYPES = YES;
				CLANG_WARN_SUSPICIOUS_MOVE = YES;
				CLANG_WARN_UNGUARDED_AVAILABILITY = YES_AGGRESSIVE;
				CLANG_WARN_UNREACHABLE_CODE = YES;
				CLANG_WARN__DUPLICATE_METHOD_MATCH = YES;
				COPY_PHASE_STRIP = NO;
				DEBUG_INFORMATION_FORMAT = dwarf;
				ENABLE_STRICT_OBJC_MSGSEND = YES;
				ENABLE_TESTABILITY = YES;
				GCC_C_LANGUAGE_STANDARD = gnu11;
				GCC_DYNAMIC_NO_PIC = NO;
				GCC_NO_COMMON_BLOCKS = YES;
				GCC_OPTIMIZATION_LEVEL = 0;
				GCC_PREPROCESSOR_DEFINITIONS = (
					"DEBUG=1",
					"$(inherited)",
				);
				GCC_WARN_64_TO_32_BIT_CONVERSION = YES;
				GCC_WARN_ABOUT_RETURN_TYPE = YES_ERROR;
				GCC_WARN_UNDECLARED_SELECTOR = YES;
				GCC_WARN_UNINITIALIZED_AUTOS = YES_AGGRESSIVE;
				GCC_WARN_UNUSED_FUNCTION = YES;
				GCC_WARN_UNUSED_VARIABLE = YES;
				IPHONEOS_DEPLOYMENT_TARGET = 15.2;
				MTL_ENABLE_DEBUG_INFO = INCLUDE_SOURCE;
				MTL_FAST_MATH = YES;
				ONLY_ACTIVE_ARCH = YES;
				SDKROOT = iphoneos;
				SWIFT_ACTIVE_COMPILATION_CONDITIONS = DEBUG;
				SWIFT_OPTIMIZATION_LEVEL = "-Onone";
			};
			name = Debug;
		};
		836D481427A889FA00434CF2 /* Release */ = {
			isa = XCBuildConfiguration;
			buildSettings = {
				ALWAYS_SEARCH_USER_PATHS = NO;
				CLANG_ANALYZER_NONNULL = YES;
				CLANG_ANALYZER_NUMBER_OBJECT_CONVERSION = YES_AGGRESSIVE;
				CLANG_CXX_LANGUAGE_STANDARD = "gnu++17";
				CLANG_CXX_LIBRARY = "libc++";
				CLANG_ENABLE_MODULES = YES;
				CLANG_ENABLE_OBJC_ARC = YES;
				CLANG_ENABLE_OBJC_WEAK = YES;
				CLANG_WARN_BLOCK_CAPTURE_AUTORELEASING = YES;
				CLANG_WARN_BOOL_CONVERSION = YES;
				CLANG_WARN_COMMA = YES;
				CLANG_WARN_CONSTANT_CONVERSION = YES;
				CLANG_WARN_DEPRECATED_OBJC_IMPLEMENTATIONS = YES;
				CLANG_WARN_DIRECT_OBJC_ISA_USAGE = YES_ERROR;
				CLANG_WARN_DOCUMENTATION_COMMENTS = YES;
				CLANG_WARN_EMPTY_BODY = YES;
				CLANG_WARN_ENUM_CONVERSION = YES;
				CLANG_WARN_INFINITE_RECURSION = YES;
				CLANG_WARN_INT_CONVERSION = YES;
				CLANG_WARN_NON_LITERAL_NULL_CONVERSION = YES;
				CLANG_WARN_OBJC_IMPLICIT_RETAIN_SELF = YES;
				CLANG_WARN_OBJC_LITERAL_CONVERSION = YES;
				CLANG_WARN_OBJC_ROOT_CLASS = YES_ERROR;
				CLANG_WARN_QUOTED_INCLUDE_IN_FRAMEWORK_HEADER = YES;
				CLANG_WARN_RANGE_LOOP_ANALYSIS = YES;
				CLANG_WARN_STRICT_PROTOTYPES = YES;
				CLANG_WARN_SUSPICIOUS_MOVE = YES;
				CLANG_WARN_UNGUARDED_AVAILABILITY = YES_AGGRESSIVE;
				CLANG_WARN_UNREACHABLE_CODE = YES;
				CLANG_WARN__DUPLICATE_METHOD_MATCH = YES;
				COPY_PHASE_STRIP = NO;
				DEBUG_INFORMATION_FORMAT = "dwarf-with-dsym";
				ENABLE_NS_ASSERTIONS = NO;
				ENABLE_STRICT_OBJC_MSGSEND = YES;
				GCC_C_LANGUAGE_STANDARD = gnu11;
				GCC_NO_COMMON_BLOCKS = YES;
				GCC_WARN_64_TO_32_BIT_CONVERSION = YES;
				GCC_WARN_ABOUT_RETURN_TYPE = YES_ERROR;
				GCC_WARN_UNDECLARED_SELECTOR = YES;
				GCC_WARN_UNINITIALIZED_AUTOS = YES_AGGRESSIVE;
				GCC_WARN_UNUSED_FUNCTION = YES;
				GCC_WARN_UNUSED_VARIABLE = YES;
				IPHONEOS_DEPLOYMENT_TARGET = 15.2;
				MTL_ENABLE_DEBUG_INFO = NO;
				MTL_FAST_MATH = YES;
				SDKROOT = iphoneos;
				SWIFT_COMPILATION_MODE = wholemodule;
				SWIFT_OPTIMIZATION_LEVEL = "-O";
				VALIDATE_PRODUCT = YES;
			};
			name = Release;
		};
		836D481627A889FA00434CF2 /* Debug */ = {
			isa = XCBuildConfiguration;
			baseConfigurationReference = CF5C7ECA66E55209C9BC9B77 /* Pods-PhotoLibrary.debug.xcconfig */;
			buildSettings = {
				ASSETCATALOG_COMPILER_APPICON_NAME = AppIcon;
				ASSETCATALOG_COMPILER_GLOBAL_ACCENT_COLOR_NAME = AccentColor;
				CODE_SIGN_STYLE = Automatic;
				CURRENT_PROJECT_VERSION = 1;
				DEVELOPMENT_TEAM = GLLU944MJ4;
				GENERATE_INFOPLIST_FILE = YES;
				INFOPLIST_FILE = PhotoLibrary/Info.plist;
				INFOPLIST_KEY_UIApplicationSupportsIndirectInputEvents = YES;
				INFOPLIST_KEY_UILaunchStoryboardName = LaunchScreen;
				INFOPLIST_KEY_UIMainStoryboardFile = Main;
				INFOPLIST_KEY_UISupportedInterfaceOrientations = "UIInterfaceOrientationPortrait UIInterfaceOrientationLandscapeLeft UIInterfaceOrientationLandscapeRight";
				INFOPLIST_KEY_UISupportedInterfaceOrientations_iPad = "UIInterfaceOrientationPortrait UIInterfaceOrientationPortraitUpsideDown UIInterfaceOrientationLandscapeLeft UIInterfaceOrientationLandscapeRight";
				INFOPLIST_KEY_UISupportedInterfaceOrientations_iPhone = "UIInterfaceOrientationPortrait UIInterfaceOrientationLandscapeLeft UIInterfaceOrientationLandscapeRight";
				LD_RUNPATH_SEARCH_PATHS = (
					"$(inherited)",
					"@executable_path/Frameworks",
				);
				MARKETING_VERSION = 1.0;
				PRODUCT_BUNDLE_IDENTIFIER = ru.PhotoLibrary;
				PRODUCT_NAME = "$(TARGET_NAME)";
				SWIFT_EMIT_LOC_STRINGS = YES;
				SWIFT_VERSION = 5.0;
				TARGETED_DEVICE_FAMILY = 1;
			};
			name = Debug;
		};
		836D481727A889FA00434CF2 /* Release */ = {
			isa = XCBuildConfiguration;
			baseConfigurationReference = DB05C53334163A5EB38A2EB3 /* Pods-PhotoLibrary.release.xcconfig */;
			buildSettings = {
				ASSETCATALOG_COMPILER_APPICON_NAME = AppIcon;
				ASSETCATALOG_COMPILER_GLOBAL_ACCENT_COLOR_NAME = AccentColor;
				CODE_SIGN_STYLE = Automatic;
				CURRENT_PROJECT_VERSION = 1;
				DEVELOPMENT_TEAM = GLLU944MJ4;
				GENERATE_INFOPLIST_FILE = YES;
				INFOPLIST_FILE = PhotoLibrary/Info.plist;
				INFOPLIST_KEY_UIApplicationSupportsIndirectInputEvents = YES;
				INFOPLIST_KEY_UILaunchStoryboardName = LaunchScreen;
				INFOPLIST_KEY_UIMainStoryboardFile = Main;
				INFOPLIST_KEY_UISupportedInterfaceOrientations = "UIInterfaceOrientationPortrait UIInterfaceOrientationLandscapeLeft UIInterfaceOrientationLandscapeRight";
				INFOPLIST_KEY_UISupportedInterfaceOrientations_iPad = "UIInterfaceOrientationPortrait UIInterfaceOrientationPortraitUpsideDown UIInterfaceOrientationLandscapeLeft UIInterfaceOrientationLandscapeRight";
				INFOPLIST_KEY_UISupportedInterfaceOrientations_iPhone = "UIInterfaceOrientationPortrait UIInterfaceOrientationLandscapeLeft UIInterfaceOrientationLandscapeRight";
				LD_RUNPATH_SEARCH_PATHS = (
					"$(inherited)",
					"@executable_path/Frameworks",
				);
				MARKETING_VERSION = 1.0;
				PRODUCT_BUNDLE_IDENTIFIER = ru.PhotoLibrary;
				PRODUCT_NAME = "$(TARGET_NAME)";
				SWIFT_EMIT_LOC_STRINGS = YES;
				SWIFT_VERSION = 5.0;
				TARGETED_DEVICE_FAMILY = 1;
			};
			name = Release;
		};
/* End XCBuildConfiguration section */

/* Begin XCConfigurationList section */
		836D47FC27A889F600434CF2 /* Build configuration list for PBXProject "PhotoLibrary" */ = {
			isa = XCConfigurationList;
			buildConfigurations = (
				836D481327A889FA00434CF2 /* Debug */,
				836D481427A889FA00434CF2 /* Release */,
			);
			defaultConfigurationIsVisible = 0;
			defaultConfigurationName = Release;
		};
		836D481527A889FA00434CF2 /* Build configuration list for PBXNativeTarget "PhotoLibrary" */ = {
			isa = XCConfigurationList;
			buildConfigurations = (
				836D481627A889FA00434CF2 /* Debug */,
				836D481727A889FA00434CF2 /* Release */,
			);
			defaultConfigurationIsVisible = 0;
			defaultConfigurationName = Release;
		};
/* End XCConfigurationList section */
	};
	rootObject = 836D47F927A889F600434CF2 /* Project object */;
}
